
Microsoft Visual Studio Solution File, Format Version 12.00
# Visual Studio 15
VisualStudioVersion = 15.0.28010.2016
MinimumVisualStudioVersion = 10.0.40219.1
Project("{FAE04EC0-301F-11D3-BF4B-00C04F79EFBC}") = "Barley-break", "Barley-break\Barley-break.csproj", "{1854D920-630F-48F6-8A8E-9A8B9F359195}"
EndProject
Global
	GlobalSection(SolutionConfigurationPlatforms) = preSolution
		Debug|Any CPU = Debug|Any CPU
		Release|Any CPU = Release|Any CPU
	EndGlobalSection
	GlobalSection(ProjectConfigurationPlatforms) = postSolution
		{1854D920-630F-48F6-8A8E-9A8B9F359195}.Debug|Any CPU.ActiveCfg = Debug|Any CPU
		{1854D920-630F-48F6-8A8E-9A8B9F359195}.Debug|Any CPU.Build.0 = Debug|Any CPU
		{1854D920-630F-48F6-8A8E-9A8B9F359195}.Release|Any CPU.ActiveCfg = Release|Any CPU
		{1854D920-630F-48F6-8A8E-9A8B9F359195}.Release|Any CPU.Build.0 = Release|Any CPU
	EndGlobalSection
	GlobalSection(SolutionProperties) = preSolution
		HideSolutionNode = FALSE
	EndGlobalSection
	GlobalSection(ExtensibilityGlobals) = postSolution
		SolutionGuid = {BBAF08BA-817D-46F8-A906-EA0EFC2BD05F}
	EndGlobalSection
EndGlobal
